
Microsoft Visual Studio Solution File, Format Version 12.00
# Visual Studio Version 16
VisualStudioVersion = 16.0.29926.136
MinimumVisualStudioVersion = 10.0.40219.1
Project("{FAE04EC0-301F-11D3-BF4B-00C04F79EFBC}") = "TradeImprovements", "TradeImprovements\TradeImprovements.csproj", "{0320DEDB-9850-454F-BE8E-A9D3555493DC}"
EndProject
Global
	GlobalSection(SolutionConfigurationPlatforms) = preSolution
		Debug|Any CPU = Debug|Any CPU
		Release|Any CPU = Release|Any CPU
	EndGlobalSection
	GlobalSection(ProjectConfigurationPlatforms) = postSolution
		{0320DEDB-9850-454F-BE8E-A9D3555493DC}.Debug|Any CPU.ActiveCfg = Debug|Any CPU
		{0320DEDB-9850-454F-BE8E-A9D3555493DC}.Debug|Any CPU.Build.0 = Debug|Any CPU
		{0320DEDB-9850-454F-BE8E-A9D3555493DC}.Release|Any CPU.ActiveCfg = Release|Any CPU
		{0320DEDB-9850-454F-BE8E-A9D3555493DC}.Release|Any CPU.Build.0 = Release|Any CPU
	EndGlobalSection
	GlobalSection(SolutionProperties) = preSolution
		HideSolutionNode = FALSE
	EndGlobalSection
	GlobalSection(ExtensibilityGlobals) = postSolution
		SolutionGuid = {14C72BD5-0358-474F-AE98-2ABAFDA6988B}
	EndGlobalSection
EndGlobal
